
Microsoft Visual Studio Solution File, Format Version 12.00
# Visual Studio Version 17
VisualStudioVersion = 17.11.35327.3
MinimumVisualStudioVersion = 10.0.40219.1
Project("{FAE04EC0-301F-11D3-BF4B-00C04F79EFBC}") = "first_ex", "first_ex\first_ex.csproj", "{F658E0D4-3309-4F71-BB27-51BE88C762E2}"
EndProject
Project("{FAE04EC0-301F-11D3-BF4B-00C04F79EFBC}") = "sec", "sec\sec.csproj", "{6BCBC0AA-1CAF-441A-889F-9210069DDCA1}"
EndProject
Project("{FAE04EC0-301F-11D3-BF4B-00C04F79EFBC}") = "third", "third\third.csproj", "{B6FE1B2F-1513-4CEB-896C-207158B157A5}"
EndProject
Project("{FAE04EC0-301F-11D3-BF4B-00C04F79EFBC}") = "fourth", "fourth\fourth.csproj", "{59CBE4DB-3C1A-4BC6-B653-A273EBF5018A}"
EndProject
Global
	GlobalSection(SolutionConfigurationPlatforms) = preSolution
		Debug|Any CPU = Debug|Any CPU
		Release|Any CPU = Release|Any CPU
	EndGlobalSection
	GlobalSection(ProjectConfigurationPlatforms) = postSolution
		{F658E0D4-3309-4F71-BB27-51BE88C762E2}.Debug|Any CPU.ActiveCfg = Debug|Any CPU
		{F658E0D4-3309-4F71-BB27-51BE88C762E2}.Debug|Any CPU.Build.0 = Debug|Any CPU
		{F658E0D4-3309-4F71-BB27-51BE88C762E2}.Release|Any CPU.ActiveCfg = Release|Any CPU
		{F658E0D4-3309-4F71-BB27-51BE88C762E2}.Release|Any CPU.Build.0 = Release|Any CPU
		{6BCBC0AA-1CAF-441A-889F-9210069DDCA1}.Debug|Any CPU.ActiveCfg = Debug|Any CPU
		{6BCBC0AA-1CAF-441A-889F-9210069DDCA1}.Debug|Any CPU.Build.0 = Debug|Any CPU
		{6BCBC0AA-1CAF-441A-889F-9210069DDCA1}.Release|Any CPU.ActiveCfg = Release|Any CPU
		{6BCBC0AA-1CAF-441A-889F-9210069DDCA1}.Release|Any CPU.Build.0 = Release|Any CPU
		{B6FE1B2F-1513-4CEB-896C-207158B157A5}.Debug|Any CPU.ActiveCfg = Debug|Any CPU
		{B6FE1B2F-1513-4CEB-896C-207158B157A5}.Debug|Any CPU.Build.0 = Debug|Any CPU
		{B6FE1B2F-1513-4CEB-896C-207158B157A5}.Release|Any CPU.ActiveCfg = Release|Any CPU
		{B6FE1B2F-1513-4CEB-896C-207158B157A5}.Release|Any CPU.Build.0 = Release|Any CPU
		{59CBE4DB-3C1A-4BC6-B653-A273EBF5018A}.Debug|Any CPU.ActiveCfg = Debug|Any CPU
		{59CBE4DB-3C1A-4BC6-B653-A273EBF5018A}.Debug|Any CPU.Build.0 = Debug|Any CPU
		{59CBE4DB-3C1A-4BC6-B653-A273EBF5018A}.Release|Any CPU.ActiveCfg = Release|Any CPU
		{59CBE4DB-3C1A-4BC6-B653-A273EBF5018A}.Release|Any CPU.Build.0 = Release|Any CPU
	EndGlobalSection
	GlobalSection(SolutionProperties) = preSolution
		HideSolutionNode = FALSE
	EndGlobalSection
	GlobalSection(ExtensibilityGlobals) = postSolution
		SolutionGuid = {39A4E224-87BC-4783-B742-5B34104A9825}
	EndGlobalSection
EndGlobal
